
Microsoft Visual Studio Solution File, Format Version 12.00
# Visual Studio Version 17
VisualStudioVersion = 17.14.36414.22
MinimumVisualStudioVersion = 10.0.40219.1
Project("{9A19103F-16F7-4668-BE54-9A1E7A4F7556}") = "Client.Console", "Client-Console\Client.Console.csproj", "{EFB09534-0044-493E-AB8B-A83BCEB00BFF}"
EndProject
Global
	GlobalSection(SolutionConfigurationPlatforms) = preSolution
		Debug|Any CPU = Debug|Any CPU
		Release|Any CPU = Release|Any CPU
	EndGlobalSection
	GlobalSection(ProjectConfigurationPlatforms) = postSolution
		{EFB09534-0044-493E-AB8B-A83BCEB00BFF}.Debug|Any CPU.ActiveCfg = Debug|Any CPU
		{EFB09534-0044-493E-AB8B-A83BCEB00BFF}.Debug|Any CPU.Build.0 = Debug|Any CPU
		{EFB09534-0044-493E-AB8B-A83BCEB00BFF}.Release|Any CPU.ActiveCfg = Release|Any CPU
		{EFB09534-0044-493E-AB8B-A83BCEB00BFF}.Release|Any CPU.Build.0 = Release|Any CPU
	EndGlobalSection
	GlobalSection(SolutionProperties) = preSolution
		HideSolutionNode = FALSE
	EndGlobalSection
	GlobalSection(ExtensibilityGlobals) = postSolution
		SolutionGuid = {94375321-8FE3-41EC-8358-82D6FDC2E49C}
	EndGlobalSection
EndGlobal
